
Microsoft Visual Studio Solution File, Format Version 12.00
# Visual Studio Version 17
VisualStudioVersion = 17.6.33712.159
MinimumVisualStudioVersion = 10.0.40219.1
Project("{8BC9CEB8-8B4A-11D0-8D11-00A0C91BC942}") = "Day 1-1", "Day 1-1\Day 1-1.vcxproj", "{7D0FC881-1E2F-4713-849B-75427630BAC4}"
EndProject
Project("{8BC9CEB8-8B4A-11D0-8D11-00A0C91BC942}") = "Day 1-2", "Day 1-2\Day 1-2.vcxproj", "{2947FCE6-3224-4083-89F1-FC0E8242C514}"
EndProject
Project("{8BC9CEB8-8B4A-11D0-8D11-00A0C91BC942}") = "Day 2-1", "Day 2-1\Day 2-1.vcxproj", "{02D1E283-A84C-4EA4-BCB1-B2E8B84C1489}"
EndProject
Project("{8BC9CEB8-8B4A-11D0-8D11-00A0C91BC942}") = "Day 2-2", "Day 2-2\Day 2-2.vcxproj", "{048A9C81-4213-4BB6-9389-9C28ABF4D8FC}"
EndProject
Project("{8BC9CEB8-8B4A-11D0-8D11-00A0C91BC942}") = "Day 3-1", "Day 3-1\Day 3-1.vcxproj", "{798AB367-21A3-4D6C-B9D7-C8C868CC9883}"
EndProject
Project("{8BC9CEB8-8B4A-11D0-8D11-00A0C91BC942}") = "Day 3-2", "Day 3-2\Day 3-2.vcxproj", "{B94F1728-0AF4-4BA7-A706-A5EE27DE5D44}"
EndProject
Global
	GlobalSection(SolutionConfigurationPlatforms) = preSolution
		Debug|x64 = Debug|x64
		Debug|x86 = Debug|x86
		Release|x64 = Release|x64
		Release|x86 = Release|x86
	EndGlobalSection
	GlobalSection(ProjectConfigurationPlatforms) = postSolution
		{7D0FC881-1E2F-4713-849B-75427630BAC4}.Debug|x64.ActiveCfg = Debug|x64
		{7D0FC881-1E2F-4713-849B-75427630BAC4}.Debug|x64.Build.0 = Debug|x64
		{7D0FC881-1E2F-4713-849B-75427630BAC4}.Debug|x86.ActiveCfg = Debug|Win32
		{7D0FC881-1E2F-4713-849B-75427630BAC4}.Debug|x86.Build.0 = Debug|Win32
		{7D0FC881-1E2F-4713-849B-75427630BAC4}.Release|x64.ActiveCfg = Release|x64
		{7D0FC881-1E2F-4713-849B-75427630BAC4}.Release|x64.Build.0 = Release|x64
		{7D0FC881-1E2F-4713-849B-75427630BAC4}.Release|x86.ActiveCfg = Release|Win32
		{7D0FC881-1E2F-4713-849B-75427630BAC4}.Release|x86.Build.0 = Release|Win32
		{2947FCE6-3224-4083-89F1-FC0E8242C514}.Debug|x64.ActiveCfg = Debug|x64
		{2947FCE6-3224-4083-89F1-FC0E8242C514}.Debug|x64.Build.0 = Debug|x64
		{2947FCE6-3224-4083-89F1-FC0E8242C514}.Debug|x86.ActiveCfg = Debug|Win32
		{2947FCE6-3224-4083-89F1-FC0E8242C514}.Debug|x86.Build.0 = Debug|Win32
		{2947FCE6-3224-4083-89F1-FC0E8242C514}.Release|x64.ActiveCfg = Release|x64
		{2947FCE6-3224-4083-89F1-FC0E8242C514}.Release|x64.Build.0 = Release|x64
		{2947FCE6-3224-4083-89F1-FC0E8242C514}.Release|x86.ActiveCfg = Release|Win32
		{2947FCE6-3224-4083-89F1-FC0E8242C514}.Release|x86.Build.0 = Release|Win32
		{02D1E283-A84C-4EA4-BCB1-B2E8B84C1489}.Debug|x64.ActiveCfg = Debug|x64
		{02D1E283-A84C-4EA4-BCB1-B2E8B84C1489}.Debug|x64.Build.0 = Debug|x64
		{02D1E283-A84C-4EA4-BCB1-B2E8B84C1489}.Debug|x86.ActiveCfg = Debug|Win32
		{02D1E283-A84C-4EA4-BCB1-B2E8B84C1489}.Debug|x86.Build.0 = Debug|Win32
		{02D1E283-A84C-4EA4-BCB1-B2E8B84C1489}.Release|x64.ActiveCfg = Release|x64
		{02D1E283-A84C-4EA4-BCB1-B2E8B84C1489}.Release|x64.Build.0 = Release|x64
		{02D1E283-A84C-4EA4-BCB1-B2E8B84C1489}.Release|x86.ActiveCfg = Release|Win32
		{02D1E283-A84C-4EA4-BCB1-B2E8B84C1489}.Release|x86.Build.0 = Release|Win32
		{048A9C81-4213-4BB6-9389-9C28ABF4D8FC}.Debug|x64.ActiveCfg = Debug|x64
		{048A9C81-4213-4BB6-9389-9C28ABF4D8FC}.Debug|x64.Build.0 = Debug|x64
		{048A9C81-4213-4BB6-9389-9C28ABF4D8FC}.Debug|x86.ActiveCfg = Debug|Win32
		{048A9C81-4213-4BB6-9389-9C28ABF4D8FC}.Debug|x86.Build.0 = Debug|Win32
		{048A9C81-4213-4BB6-9389-9C28ABF4D8FC}.Release|x64.ActiveCfg = Release|x64
		{048A9C81-4213-4BB6-9389-9C28ABF4D8FC}.Release|x64.Build.0 = Release|x64
		{048A9C81-4213-4BB6-9389-9C28ABF4D8FC}.Release|x86.ActiveCfg = Release|Win32
		{048A9C81-4213-4BB6-9389-9C28ABF4D8FC}.Release|x86.Build.0 = Release|Win32
		{798AB367-21A3-4D6C-B9D7-C8C868CC9883}.Debug|x64.ActiveCfg = Debug|x64
		{798AB367-21A3-4D6C-B9D7-C8C868CC9883}.Debug|x64.Build.0 = Debug|x64
		{798AB367-21A3-4D6C-B9D7-C8C868CC9883}.Debug|x86.ActiveCfg = Debug|Win32
		{798AB367-21A3-4D6C-B9D7-C8C868CC9883}.Debug|x86.Build.0 = Debug|Win32
		{798AB367-21A3-4D6C-B9D7-C8C868CC9883}.Release|x64.ActiveCfg = Release|x64
		{798AB367-21A3-4D6C-B9D7-C8C868CC9883}.Release|x64.Build.0 = Release|x64
		{798AB367-21A3-4D6C-B9D7-C8C868CC9883}.Release|x86.ActiveCfg = Release|Win32
		{798AB367-21A3-4D6C-B9D7-C8C868CC9883}.Release|x86.Build.0 = Release|Win32
		{B94F1728-0AF4-4BA7-A706-A5EE27DE5D44}.Debug|x64.ActiveCfg = Debug|x64
		{B94F1728-0AF4-4BA7-A706-A5EE27DE5D44}.Debug|x64.Build.0 = Debug|x64
		{B94F1728-0AF4-4BA7-A706-A5EE27DE5D44}.Debug|x86.ActiveCfg = Debug|Win32
		{B94F1728-0AF4-4BA7-A706-A5EE27DE5D44}.Debug|x86.Build.0 = Debug|Win32
		{B94F1728-0AF4-4BA7-A706-A5EE27DE5D44}.Release|x64.ActiveCfg = Release|x64
		{B94F1728-0AF4-4BA7-A706-A5EE27DE5D44}.Release|x64.Build.0 = Release|x64
		{B94F1728-0AF4-4BA7-A706-A5EE27DE5D44}.Release|x86.ActiveCfg = Release|Win32
		{B94F1728-0AF4-4BA7-A706-A5EE27DE5D44}.Release|x86.Build.0 = Release|Win32
	EndGlobalSection
	GlobalSection(SolutionProperties) = preSolution
		HideSolutionNode = FALSE
	EndGlobalSection
	GlobalSection(ExtensibilityGlobals) = postSolution
		SolutionGuid = {8DE0F88F-9246-4084-8B32-AB5AF9ED092D}
	EndGlobalSection
EndGlobal
