
Microsoft Visual Studio Solution File, Format Version 12.00
# Visual Studio Version 17
VisualStudioVersion = 17.6.33712.159
MinimumVisualStudioVersion = 10.0.40219.1
Project("{8BC9CEB8-8B4A-11D0-8D11-00A0C91BC942}") = "Day 1-1", "Day 1-1\Day 1-1.vcxproj", "{7D0FC881-1E2F-4713-849B-75427630BAC4}"
EndProject
Project("{8BC9CEB8-8B4A-11D0-8D11-00A0C91BC942}") = "Day 1-2", "Day 1-2\Day 1-2.vcxproj", "{2947FCE6-3224-4083-89F1-FC0E8242C514}"
EndProject
Project("{8BC9CEB8-8B4A-11D0-8D11-00A0C91BC942}") = "Day 2-1", "Day 2-1\Day 2-1.vcxproj", "{02D1E283-A84C-4EA4-BCB1-B2E8B84C1489}"
EndProject
Project("{8BC9CEB8-8B4A-11D0-8D11-00A0C91BC942}") = "Day 2-2", "Day 2-2\Day 2-2.vcxproj", "{048A9C81-4213-4BB6-9389-9C28ABF4D8FC}"
EndProject
Project("{8BC9CEB8-8B4A-11D0-8D11-00A0C91BC942}") = "Day 3-1", "Day 3-1\Day 3-1.vcxproj", "{798AB367-21A3-4D6C-B9D7-C8C868CC9883}"
EndProject
Project("{8BC9CEB8-8B4A-11D0-8D11-00A0C91BC942}") = "Day 3-2", "Day 3-2\Day 3-2.vcxproj", "{B94F1728-0AF4-4BA7-A706-A5EE27DE5D44}"
EndProject
Project("{8BC9CEB8-8B4A-11D0-8D11-00A0C91BC942}") = "Day 4-1", "Day 4-1\Day 4-1.vcxproj", "{31E6B6FD-7D7C-44C3-AFE2-3884AA5CBC3B}"
EndProject
Project("{8BC9CEB8-8B4A-11D0-8D11-00A0C91BC942}") = "Day 4-2", "Day 4-2\Day 4-2.vcxproj", "{55361E24-EA49-42E0-A6DD-4E669E1F3B10}"
EndProject
Project("{8BC9CEB8-8B4A-11D0-8D11-00A0C91BC942}") = "Day 5-1", "Day 5-1\Day 5-1.vcxproj", "{90144623-EF30-4D53-9303-98CDD032E5F6}"
EndProject
Project("{8BC9CEB8-8B4A-11D0-8D11-00A0C91BC942}") = "Day 5-2", "Day 5-2\Day 5-2.vcxproj", "{A6396D70-495A-43FA-8901-39DB82452BF1}"
EndProject
Project("{8BC9CEB8-8B4A-11D0-8D11-00A0C91BC942}") = "Day 6-1", "Day 6-1\Day 6-1.vcxproj", "{EA852193-FB05-4FFB-AFF7-FDD516DC9295}"
EndProject
Project("{8BC9CEB8-8B4A-11D0-8D11-00A0C91BC942}") = "Day 6-2", "Day 6-2\Day 6-2.vcxproj", "{3D1AAE6F-2D17-4975-8E9E-4ADD4DF5A9CB}"
EndProject
Project("{8BC9CEB8-8B4A-11D0-8D11-00A0C91BC942}") = "Day 7-1", "Day 7-1\Day 7-1.vcxproj", "{3B394B81-E54A-4284-A326-02E615B0C49C}"
EndProject
Project("{8BC9CEB8-8B4A-11D0-8D11-00A0C91BC942}") = "Day 7-2", "Day 7-2\Day 7-2.vcxproj", "{3287D540-6345-4F56-A17D-9501C636F435}"
EndProject
Project("{8BC9CEB8-8B4A-11D0-8D11-00A0C91BC942}") = "Day 8-1", "Day 8-1\Day 8-1.vcxproj", "{CD9C62C9-026F-4E56-9107-89AFA27FBA02}"
EndProject
Project("{8BC9CEB8-8B4A-11D0-8D11-00A0C91BC942}") = "Day 8-2", "Day 8-2\Day 8-2.vcxproj", "{E22192B1-9C45-4470-8F19-172FAAA42936}"
EndProject
Project("{8BC9CEB8-8B4A-11D0-8D11-00A0C91BC942}") = "Day 9-1", "Day 9-1\Day 9-1.vcxproj", "{016A4FA3-C93F-441F-B9AA-0159A31147CA}"
EndProject
Project("{8BC9CEB8-8B4A-11D0-8D11-00A0C91BC942}") = "Day 9-2", "Day 9-2\Day 9-2.vcxproj", "{38BBC89F-ABDC-4AD7-9444-8EC0B975CBBC}"
EndProject
Project("{8BC9CEB8-8B4A-11D0-8D11-00A0C91BC942}") = "Day 10-1", "Day 10-1\Day 10-1.vcxproj", "{6E3A1CDA-8696-4281-A3D1-11D6FDE958C1}"
EndProject
Global
	GlobalSection(SolutionConfigurationPlatforms) = preSolution
		Debug|x64 = Debug|x64
		Debug|x86 = Debug|x86
		Release|x64 = Release|x64
		Release|x86 = Release|x86
	EndGlobalSection
	GlobalSection(ProjectConfigurationPlatforms) = postSolution
		{7D0FC881-1E2F-4713-849B-75427630BAC4}.Debug|x64.ActiveCfg = Debug|x64
		{7D0FC881-1E2F-4713-849B-75427630BAC4}.Debug|x64.Build.0 = Debug|x64
		{7D0FC881-1E2F-4713-849B-75427630BAC4}.Debug|x86.ActiveCfg = Debug|Win32
		{7D0FC881-1E2F-4713-849B-75427630BAC4}.Debug|x86.Build.0 = Debug|Win32
		{7D0FC881-1E2F-4713-849B-75427630BAC4}.Release|x64.ActiveCfg = Release|x64
		{7D0FC881-1E2F-4713-849B-75427630BAC4}.Release|x64.Build.0 = Release|x64
		{7D0FC881-1E2F-4713-849B-75427630BAC4}.Release|x86.ActiveCfg = Release|Win32
		{7D0FC881-1E2F-4713-849B-75427630BAC4}.Release|x86.Build.0 = Release|Win32
		{2947FCE6-3224-4083-89F1-FC0E8242C514}.Debug|x64.ActiveCfg = Debug|x64
		{2947FCE6-3224-4083-89F1-FC0E8242C514}.Debug|x64.Build.0 = Debug|x64
		{2947FCE6-3224-4083-89F1-FC0E8242C514}.Debug|x86.ActiveCfg = Debug|Win32
		{2947FCE6-3224-4083-89F1-FC0E8242C514}.Debug|x86.Build.0 = Debug|Win32
		{2947FCE6-3224-4083-89F1-FC0E8242C514}.Release|x64.ActiveCfg = Release|x64
		{2947FCE6-3224-4083-89F1-FC0E8242C514}.Release|x64.Build.0 = Release|x64
		{2947FCE6-3224-4083-89F1-FC0E8242C514}.Release|x86.ActiveCfg = Release|Win32
		{2947FCE6-3224-4083-89F1-FC0E8242C514}.Release|x86.Build.0 = Release|Win32
		{02D1E283-A84C-4EA4-BCB1-B2E8B84C1489}.Debug|x64.ActiveCfg = Debug|x64
		{02D1E283-A84C-4EA4-BCB1-B2E8B84C1489}.Debug|x64.Build.0 = Debug|x64
		{02D1E283-A84C-4EA4-BCB1-B2E8B84C1489}.Debug|x86.ActiveCfg = Debug|Win32
		{02D1E283-A84C-4EA4-BCB1-B2E8B84C1489}.Debug|x86.Build.0 = Debug|Win32
		{02D1E283-A84C-4EA4-BCB1-B2E8B84C1489}.Release|x64.ActiveCfg = Release|x64
		{02D1E283-A84C-4EA4-BCB1-B2E8B84C1489}.Release|x64.Build.0 = Release|x64
		{02D1E283-A84C-4EA4-BCB1-B2E8B84C1489}.Release|x86.ActiveCfg = Release|Win32
		{02D1E283-A84C-4EA4-BCB1-B2E8B84C1489}.Release|x86.Build.0 = Release|Win32
		{048A9C81-4213-4BB6-9389-9C28ABF4D8FC}.Debug|x64.ActiveCfg = Debug|x64
		{048A9C81-4213-4BB6-9389-9C28ABF4D8FC}.Debug|x64.Build.0 = Debug|x64
		{048A9C81-4213-4BB6-9389-9C28ABF4D8FC}.Debug|x86.ActiveCfg = Debug|Win32
		{048A9C81-4213-4BB6-9389-9C28ABF4D8FC}.Debug|x86.Build.0 = Debug|Win32
		{048A9C81-4213-4BB6-9389-9C28ABF4D8FC}.Release|x64.ActiveCfg = Release|x64
		{048A9C81-4213-4BB6-9389-9C28ABF4D8FC}.Release|x64.Build.0 = Release|x64
		{048A9C81-4213-4BB6-9389-9C28ABF4D8FC}.Release|x86.ActiveCfg = Release|Win32
		{048A9C81-4213-4BB6-9389-9C28ABF4D8FC}.Release|x86.Build.0 = Release|Win32
		{798AB367-21A3-4D6C-B9D7-C8C868CC9883}.Debug|x64.ActiveCfg = Debug|x64
		{798AB367-21A3-4D6C-B9D7-C8C868CC9883}.Debug|x64.Build.0 = Debug|x64
		{798AB367-21A3-4D6C-B9D7-C8C868CC9883}.Debug|x86.ActiveCfg = Debug|Win32
		{798AB367-21A3-4D6C-B9D7-C8C868CC9883}.Debug|x86.Build.0 = Debug|Win32
		{798AB367-21A3-4D6C-B9D7-C8C868CC9883}.Release|x64.ActiveCfg = Release|x64
		{798AB367-21A3-4D6C-B9D7-C8C868CC9883}.Release|x64.Build.0 = Release|x64
		{798AB367-21A3-4D6C-B9D7-C8C868CC9883}.Release|x86.ActiveCfg = Release|Win32
		{798AB367-21A3-4D6C-B9D7-C8C868CC9883}.Release|x86.Build.0 = Release|Win32
		{B94F1728-0AF4-4BA7-A706-A5EE27DE5D44}.Debug|x64.ActiveCfg = Debug|x64
		{B94F1728-0AF4-4BA7-A706-A5EE27DE5D44}.Debug|x64.Build.0 = Debug|x64
		{B94F1728-0AF4-4BA7-A706-A5EE27DE5D44}.Debug|x86.ActiveCfg = Debug|Win32
		{B94F1728-0AF4-4BA7-A706-A5EE27DE5D44}.Debug|x86.Build.0 = Debug|Win32
		{B94F1728-0AF4-4BA7-A706-A5EE27DE5D44}.Release|x64.ActiveCfg = Release|x64
		{B94F1728-0AF4-4BA7-A706-A5EE27DE5D44}.Release|x64.Build.0 = Release|x64
		{B94F1728-0AF4-4BA7-A706-A5EE27DE5D44}.Release|x86.ActiveCfg = Release|Win32
		{B94F1728-0AF4-4BA7-A706-A5EE27DE5D44}.Release|x86.Build.0 = Release|Win32
		{31E6B6FD-7D7C-44C3-AFE2-3884AA5CBC3B}.Debug|x64.ActiveCfg = Debug|x64
		{31E6B6FD-7D7C-44C3-AFE2-3884AA5CBC3B}.Debug|x64.Build.0 = Debug|x64
		{31E6B6FD-7D7C-44C3-AFE2-3884AA5CBC3B}.Debug|x86.ActiveCfg = Debug|Win32
		{31E6B6FD-7D7C-44C3-AFE2-3884AA5CBC3B}.Debug|x86.Build.0 = Debug|Win32
		{31E6B6FD-7D7C-44C3-AFE2-3884AA5CBC3B}.Release|x64.ActiveCfg = Release|x64
		{31E6B6FD-7D7C-44C3-AFE2-3884AA5CBC3B}.Release|x64.Build.0 = Release|x64
		{31E6B6FD-7D7C-44C3-AFE2-3884AA5CBC3B}.Release|x86.ActiveCfg = Release|Win32
		{31E6B6FD-7D7C-44C3-AFE2-3884AA5CBC3B}.Release|x86.Build.0 = Release|Win32
		{55361E24-EA49-42E0-A6DD-4E669E1F3B10}.Debug|x64.ActiveCfg = Debug|x64
		{55361E24-EA49-42E0-A6DD-4E669E1F3B10}.Debug|x64.Build.0 = Debug|x64
		{55361E24-EA49-42E0-A6DD-4E669E1F3B10}.Debug|x86.ActiveCfg = Debug|Win32
		{55361E24-EA49-42E0-A6DD-4E669E1F3B10}.Debug|x86.Build.0 = Debug|Win32
		{55361E24-EA49-42E0-A6DD-4E669E1F3B10}.Release|x64.ActiveCfg = Release|x64
		{55361E24-EA49-42E0-A6DD-4E669E1F3B10}.Release|x64.Build.0 = Release|x64
		{55361E24-EA49-42E0-A6DD-4E669E1F3B10}.Release|x86.ActiveCfg = Release|Win32
		{55361E24-EA49-42E0-A6DD-4E669E1F3B10}.Release|x86.Build.0 = Release|Win32
		{90144623-EF30-4D53-9303-98CDD032E5F6}.Debug|x64.ActiveCfg = Debug|x64
		{90144623-EF30-4D53-9303-98CDD032E5F6}.Debug|x64.Build.0 = Debug|x64
		{90144623-EF30-4D53-9303-98CDD032E5F6}.Debug|x86.ActiveCfg = Debug|Win32
		{90144623-EF30-4D53-9303-98CDD032E5F6}.Debug|x86.Build.0 = Debug|Win32
		{90144623-EF30-4D53-9303-98CDD032E5F6}.Release|x64.ActiveCfg = Release|x64
		{90144623-EF30-4D53-9303-98CDD032E5F6}.Release|x64.Build.0 = Release|x64
		{90144623-EF30-4D53-9303-98CDD032E5F6}.Release|x86.ActiveCfg = Release|Win32
		{90144623-EF30-4D53-9303-98CDD032E5F6}.Release|x86.Build.0 = Release|Win32
		{A6396D70-495A-43FA-8901-39DB82452BF1}.Debug|x64.ActiveCfg = Debug|x64
		{A6396D70-495A-43FA-8901-39DB82452BF1}.Debug|x64.Build.0 = Debug|x64
		{A6396D70-495A-43FA-8901-39DB82452BF1}.Debug|x86.ActiveCfg = Debug|Win32
		{A6396D70-495A-43FA-8901-39DB82452BF1}.Debug|x86.Build.0 = Debug|Win32
		{A6396D70-495A-43FA-8901-39DB82452BF1}.Release|x64.ActiveCfg = Release|x64
		{A6396D70-495A-43FA-8901-39DB82452BF1}.Release|x64.Build.0 = Release|x64
		{A6396D70-495A-43FA-8901-39DB82452BF1}.Release|x86.ActiveCfg = Release|Win32
		{A6396D70-495A-43FA-8901-39DB82452BF1}.Release|x86.Build.0 = Release|Win32
		{EA852193-FB05-4FFB-AFF7-FDD516DC9295}.Debug|x64.ActiveCfg = Debug|x64
		{EA852193-FB05-4FFB-AFF7-FDD516DC9295}.Debug|x64.Build.0 = Debug|x64
		{EA852193-FB05-4FFB-AFF7-FDD516DC9295}.Debug|x86.ActiveCfg = Debug|Win32
		{EA852193-FB05-4FFB-AFF7-FDD516DC9295}.Debug|x86.Build.0 = Debug|Win32
		{EA852193-FB05-4FFB-AFF7-FDD516DC9295}.Release|x64.ActiveCfg = Release|x64
		{EA852193-FB05-4FFB-AFF7-FDD516DC9295}.Release|x64.Build.0 = Release|x64
		{EA852193-FB05-4FFB-AFF7-FDD516DC9295}.Release|x86.ActiveCfg = Release|Win32
		{EA852193-FB05-4FFB-AFF7-FDD516DC9295}.Release|x86.Build.0 = Release|Win32
		{3D1AAE6F-2D17-4975-8E9E-4ADD4DF5A9CB}.Debug|x64.ActiveCfg = Debug|x64
		{3D1AAE6F-2D17-4975-8E9E-4ADD4DF5A9CB}.Debug|x64.Build.0 = Debug|x64
		{3D1AAE6F-2D17-4975-8E9E-4ADD4DF5A9CB}.Debug|x86.ActiveCfg = Debug|Win32
		{3D1AAE6F-2D17-4975-8E9E-4ADD4DF5A9CB}.Debug|x86.Build.0 = Debug|Win32
		{3D1AAE6F-2D17-4975-8E9E-4ADD4DF5A9CB}.Release|x64.ActiveCfg = Release|x64
		{3D1AAE6F-2D17-4975-8E9E-4ADD4DF5A9CB}.Release|x64.Build.0 = Release|x64
		{3D1AAE6F-2D17-4975-8E9E-4ADD4DF5A9CB}.Release|x86.ActiveCfg = Release|Win32
		{3D1AAE6F-2D17-4975-8E9E-4ADD4DF5A9CB}.Release|x86.Build.0 = Release|Win32
		{3B394B81-E54A-4284-A326-02E615B0C49C}.Debug|x64.ActiveCfg = Debug|x64
		{3B394B81-E54A-4284-A326-02E615B0C49C}.Debug|x64.Build.0 = Debug|x64
		{3B394B81-E54A-4284-A326-02E615B0C49C}.Debug|x86.ActiveCfg = Debug|Win32
		{3B394B81-E54A-4284-A326-02E615B0C49C}.Debug|x86.Build.0 = Debug|Win32
		{3B394B81-E54A-4284-A326-02E615B0C49C}.Release|x64.ActiveCfg = Release|x64
		{3B394B81-E54A-4284-A326-02E615B0C49C}.Release|x64.Build.0 = Release|x64
		{3B394B81-E54A-4284-A326-02E615B0C49C}.Release|x86.ActiveCfg = Release|Win32
		{3B394B81-E54A-4284-A326-02E615B0C49C}.Release|x86.Build.0 = Release|Win32
		{3287D540-6345-4F56-A17D-9501C636F435}.Debug|x64.ActiveCfg = Debug|x64
		{3287D540-6345-4F56-A17D-9501C636F435}.Debug|x64.Build.0 = Debug|x64
		{3287D540-6345-4F56-A17D-9501C636F435}.Debug|x86.ActiveCfg = Debug|Win32
		{3287D540-6345-4F56-A17D-9501C636F435}.Debug|x86.Build.0 = Debug|Win32
		{3287D540-6345-4F56-A17D-9501C636F435}.Release|x64.ActiveCfg = Release|x64
		{3287D540-6345-4F56-A17D-9501C636F435}.Release|x64.Build.0 = Release|x64
		{3287D540-6345-4F56-A17D-9501C636F435}.Release|x86.ActiveCfg = Release|Win32
		{3287D540-6345-4F56-A17D-9501C636F435}.Release|x86.Build.0 = Release|Win32
		{CD9C62C9-026F-4E56-9107-89AFA27FBA02}.Debug|x64.ActiveCfg = Debug|x64
		{CD9C62C9-026F-4E56-9107-89AFA27FBA02}.Debug|x64.Build.0 = Debug|x64
		{CD9C62C9-026F-4E56-9107-89AFA27FBA02}.Debug|x86.ActiveCfg = Debug|Win32
		{CD9C62C9-026F-4E56-9107-89AFA27FBA02}.Debug|x86.Build.0 = Debug|Win32
		{CD9C62C9-026F-4E56-9107-89AFA27FBA02}.Release|x64.ActiveCfg = Release|x64
		{CD9C62C9-026F-4E56-9107-89AFA27FBA02}.Release|x64.Build.0 = Release|x64
		{CD9C62C9-026F-4E56-9107-89AFA27FBA02}.Release|x86.ActiveCfg = Release|Win32
		{CD9C62C9-026F-4E56-9107-89AFA27FBA02}.Release|x86.Build.0 = Release|Win32
		{E22192B1-9C45-4470-8F19-172FAAA42936}.Debug|x64.ActiveCfg = Debug|x64
		{E22192B1-9C45-4470-8F19-172FAAA42936}.Debug|x64.Build.0 = Debug|x64
		{E22192B1-9C45-4470-8F19-172FAAA42936}.Debug|x86.ActiveCfg = Debug|Win32
		{E22192B1-9C45-4470-8F19-172FAAA42936}.Debug|x86.Build.0 = Debug|Win32
		{E22192B1-9C45-4470-8F19-172FAAA42936}.Release|x64.ActiveCfg = Release|x64
		{E22192B1-9C45-4470-8F19-172FAAA42936}.Release|x64.Build.0 = Release|x64
		{E22192B1-9C45-4470-8F19-172FAAA42936}.Release|x86.ActiveCfg = Release|Win32
		{E22192B1-9C45-4470-8F19-172FAAA42936}.Release|x86.Build.0 = Release|Win32
		{016A4FA3-C93F-441F-B9AA-0159A31147CA}.Debug|x64.ActiveCfg = Debug|x64
		{016A4FA3-C93F-441F-B9AA-0159A31147CA}.Debug|x64.Build.0 = Debug|x64
		{016A4FA3-C93F-441F-B9AA-0159A31147CA}.Debug|x86.ActiveCfg = Debug|Win32
		{016A4FA3-C93F-441F-B9AA-0159A31147CA}.Debug|x86.Build.0 = Debug|Win32
		{016A4FA3-C93F-441F-B9AA-0159A31147CA}.Release|x64.ActiveCfg = Release|x64
		{016A4FA3-C93F-441F-B9AA-0159A31147CA}.Release|x64.Build.0 = Release|x64
		{016A4FA3-C93F-441F-B9AA-0159A31147CA}.Release|x86.ActiveCfg = Release|Win32
		{016A4FA3-C93F-441F-B9AA-0159A31147CA}.Release|x86.Build.0 = Release|Win32
		{38BBC89F-ABDC-4AD7-9444-8EC0B975CBBC}.Debug|x64.ActiveCfg = Debug|x64
		{38BBC89F-ABDC-4AD7-9444-8EC0B975CBBC}.Debug|x64.Build.0 = Debug|x64
		{38BBC89F-ABDC-4AD7-9444-8EC0B975CBBC}.Debug|x86.ActiveCfg = Debug|Win32
		{38BBC89F-ABDC-4AD7-9444-8EC0B975CBBC}.Debug|x86.Build.0 = Debug|Win32
		{38BBC89F-ABDC-4AD7-9444-8EC0B975CBBC}.Release|x64.ActiveCfg = Release|x64
		{38BBC89F-ABDC-4AD7-9444-8EC0B975CBBC}.Release|x64.Build.0 = Release|x64
		{38BBC89F-ABDC-4AD7-9444-8EC0B975CBBC}.Release|x86.ActiveCfg = Release|Win32
		{38BBC89F-ABDC-4AD7-9444-8EC0B975CBBC}.Release|x86.Build.0 = Release|Win32
		{6E3A1CDA-8696-4281-A3D1-11D6FDE958C1}.Debug|x64.ActiveCfg = Debug|x64
		{6E3A1CDA-8696-4281-A3D1-11D6FDE958C1}.Debug|x64.Build.0 = Debug|x64
		{6E3A1CDA-8696-4281-A3D1-11D6FDE958C1}.Debug|x86.ActiveCfg = Debug|Win32
		{6E3A1CDA-8696-4281-A3D1-11D6FDE958C1}.Debug|x86.Build.0 = Debug|Win32
		{6E3A1CDA-8696-4281-A3D1-11D6FDE958C1}.Release|x64.ActiveCfg = Release|x64
		{6E3A1CDA-8696-4281-A3D1-11D6FDE958C1}.Release|x64.Build.0 = Release|x64
		{6E3A1CDA-8696-4281-A3D1-11D6FDE958C1}.Release|x86.ActiveCfg = Release|Win32
		{6E3A1CDA-8696-4281-A3D1-11D6FDE958C1}.Release|x86.Build.0 = Release|Win32
	EndGlobalSection
	GlobalSection(SolutionProperties) = preSolution
		HideSolutionNode = FALSE
	EndGlobalSection
	GlobalSection(ExtensibilityGlobals) = postSolution
		SolutionGuid = {8DE0F88F-9246-4084-8B32-AB5AF9ED092D}
	EndGlobalSection
EndGlobal
